{
  "requires": true,
  "lockfileVersion": 1,
  "dependencies": {
    "@angular/animations": {
      "version": "11.2.9",
      "resolved": "https://registry.npmjs.org/@angular/animations/-/animations-11.2.9.tgz",
      "integrity": "sha512-6EAJRwwYB+6eNW0IIadQycS7KC1x//BpZ7vi6EioAaAw02wafjQ+6+BhGW6hbPwyTJFQAuNki5Z6P0fvN1ZhFA==",
      "requires": {
        "tslib": "^2.0.0"
      }
    },
    "country-state-city": {
      "version": "2.0.0",
      "resolved": "https://registry.npmjs.org/country-state-city/-/country-state-city-2.0.0.tgz",
      "integrity": "sha512-LIWZEHBvmwck4u795eKUZd7N6dUWj5apiqTl/Zl081CIE34ZCy/vC3R6BNbbN5QX3SKkZx49r0vyVDAnesVwHQ=="
    },
    "ngx-toastr": {
      "version": "13.2.1",
      "resolved": "https://registry.npmjs.org/ngx-toastr/-/ngx-toastr-13.2.1.tgz",
      "integrity": "sha512-UAzp7/xWK9IXA2LsOmhpaaIGCqscvJokoQpBNpAMrjEkDeSlFf8PWQAuQY795KW0mJb3qF9UG/s23nsXfMYKmg==",
      "requires": {
        "tslib": "^2.0.0"
      }
    },
    "tslib": {
      "version": "2.2.0",
      "resolved": "https://registry.npmjs.org/tslib/-/tslib-2.2.0.tgz",
      "integrity": "sha512-gS9GVHRU+RGn5KQM2rllAlR3dU6m7AcpJKdtH8gFvQiC4Otgk98XnmMU+nZenHt/+VhnBPWwgrJsyrdcw6i23w=="
    }
  }
}
